{
	"name": "federation-deprecation-bug",
	"version": "1.0.0",
	"lockfileVersion": 3,
	"requires": true,
	"packages": {
		"": {
			"name": "federation-deprecation-bug",
			"version": "1.0.0",
			"license": "ISC",
			"dependencies": {
				"@pothos/core": "^4.7.1",
				"@pothos/plugin-relay": "^4.6.0",
				"graphql": "^17.0.0-alpha.9",
				"typescript": "^5.8.3"
			}
		},
		"node_modules/@pothos/core": {
			"version": "4.7.1",
			"resolved": "https://registry.npmjs.org/@pothos/core/-/core-4.7.1.tgz",
			"integrity": "sha512-pf8CRy7/zMGyNmLXvQXkEBD5QCbDKt3Uxqza7DkQZiMAKGWp50uPRuTw/Va7RdGsFHTUguHoEP28hcfZr324Dg==",
			"license": "ISC",
			"peerDependencies": {
				"graphql": "^16.10.0"
			}
		},
		"node_modules/@pothos/plugin-relay": {
			"version": "4.6.0",
			"resolved": "https://registry.npmjs.org/@pothos/plugin-relay/-/plugin-relay-4.6.0.tgz",
			"integrity": "sha512-VzyEHtlylFtGCm95Xxmn6U8/zBbVDuIxjNRJv1VrA/4AgvWrPV18PTKYiLOhQZqsK8N5RY8pvKFAOhtdJIlvFA==",
			"license": "ISC",
			"peerDependencies": {
				"@pothos/core": "*",
				"graphql": "^16.10.0"
			}
		},
		"node_modules/graphql": {
			"version": "17.0.0-alpha.9",
			"resolved": "https://registry.npmjs.org/graphql/-/graphql-17.0.0-alpha.9.tgz",
			"integrity": "sha512-jVK1BsvX5pUIEpRDlEgeKJr80GAxl3B8ISsFDjXHtl2xAxMXVGTEFF4Q4R8NH0Gw7yMwcHDndkNjoNT5CbwHKA==",
			"license": "MIT",
			"engines": {
				"node": "^16.19.0 || ^18.14.0 || >=19.7.0"
			}
		},
		"node_modules/typescript": {
			"version": "5.8.3",
			"resolved": "https://registry.npmjs.org/typescript/-/typescript-5.8.3.tgz",
			"integrity": "sha512-p1diW6TqL9L07nNxvRMM7hMMw4c5XOo/1ibL4aAIGmSAt9slTE1Xgw5KWuof2uTOvCg9BY7ZRi+GaF+7sfgPeQ==",
			"license": "Apache-2.0",
			"bin": {
				"tsc": "bin/tsc",
				"tsserver": "bin/tsserver"
			},
			"engines": {
				"node": ">=14.17"
			}
		}
	}
}
