lockfileVersion: '9.0'

settings:
  autoInstallPeers: true
  excludeLinksFromLockfile: false

importers:

  .:
    dependencies:
      '@apollo/subgraph':
        specifier: ^2.11.2
        version: 2.11.2(graphql@16.11.0)
      '@graphql-tools/utils':
        specifier: ^10.8.6
        version: 10.8.6(graphql@16.11.0)
      '@pothos/core':
        specifier: ^4.7.0
        version: 4.7.0(graphql@16.11.0)
      '@pothos/plugin-directives':
        specifier: ^4.2.3
        version: 4.2.3(@pothos/core@4.7.0(graphql@16.11.0))(graphql@16.11.0)
      '@pothos/plugin-federation':
        specifier: ^4.4.2
        version: 4.4.2(@apollo/subgraph@2.11.2(graphql@16.11.0))(@pothos/core@4.7.0(graphql@16.11.0))(graphql@16.11.0)
      '@pothos/plugin-relay':
        specifier: ^4.5.0
        version: 4.5.0(@pothos/core@4.7.0(graphql@16.11.0))(graphql@16.11.0)
      graphql:
        specifier: ^16.11.0
        version: 16.11.0
      typescript:
        specifier: ^5.8.3
        version: 5.8.3

packages:

  '@apollo/cache-control-types@1.0.3':
    resolution: {integrity: sha512-F17/vCp7QVwom9eG7ToauIKdAxpSoadsJnqIfyryLFSkLSOEqu+eC5Z3N8OXcUVStuOMcNHlyraRsA6rRICu4g==}
    peerDependencies:
      graphql: 14.x || 15.x || 16.x

  '@apollo/federation-internals@2.11.2':
    resolution: {integrity: sha512-GSFGL2fLox3EBszWKJvRkVLFA0hkJF9PHGMQH+WdB/12KVB3QHKwDyW1T9VZtxe2SJhNU3puleSxCsO16Bf3iA==}
    engines: {node: '>=14.15.0'}
    peerDependencies:
      graphql: ^16.5.0

  '@apollo/subgraph@2.11.2':
    resolution: {integrity: sha512-S14osF5Zc8pd6lzeNtX1QHboMcQK5PXcN9EumZyRYBF0TRbnEFLF8Me9zMcfR3QP7GCiggjd6PA2IAaPC9uCSQ==}
    engines: {node: '>=14.15.0'}
    peerDependencies:
      graphql: ^16.5.0

  '@graphql-tools/utils@10.8.6':
    resolution: {integrity: sha512-Alc9Vyg0oOsGhRapfL3xvqh1zV8nKoFUdtLhXX7Ki4nClaIJXckrA86j+uxEuG3ic6j4jlM1nvcWXRn/71AVLQ==}
    engines: {node: '>=16.0.0'}
    peerDependencies:
      graphql: ^14.0.0 || ^15.0.0 || ^16.0.0 || ^17.0.0

  '@graphql-typed-document-node/core@3.2.0':
    resolution: {integrity: sha512-mB9oAsNCm9aM3/SOv4YtBMqZbYj10R7dkq8byBqxGY/ncFwhf2oQzMV+LCRlWoDSEBJ3COiR1yeDvMtsoOsuFQ==}
    peerDependencies:
      graphql: ^0.8.0 || ^0.9.0 || ^0.10.0 || ^0.11.0 || ^0.12.0 || ^0.13.0 || ^14.0.0 || ^15.0.0 || ^16.0.0 || ^17.0.0

  '@pothos/core@4.7.0':
    resolution: {integrity: sha512-UaUhg8gzV5qv8SyQbD2sha9/jBEFU0keVyWSQWFpe9O2NTKER+f5dySDlVpfhdDtFeASjHOZwkfxbY+LC7ZfhA==}
    peerDependencies:
      graphql: ^16.10.0

  '@pothos/plugin-directives@4.2.3':
    resolution: {integrity: sha512-pUMcBSGdRFRKxpNN8mXVO9swunjx//IeE7M5kqoqjtjn+TGtcbKjGtNir3bktC0FJCP8cYawBIBotytFuxg+pw==}
    peerDependencies:
      '@pothos/core': '*'
      graphql: ^16.10.0

  '@pothos/plugin-federation@4.4.2':
    resolution: {integrity: sha512-5I68EJ27htIxbm/VlOdAhvF5GKmEf49Kv74zWfqhra5vMCr4V3bWxd5Npd4qnnVFoUf8NH6bjM/t0Bksto3NEw==}
    peerDependencies:
      '@apollo/subgraph': ^2.0.0
      '@pothos/core': '*'
      graphql: ^16.10.0

  '@pothos/plugin-relay@4.5.0':
    resolution: {integrity: sha512-S9PoOkyJI7VCXigJgGGbcT/GTB7+i90ITPRYPcrdeZy7reMW2Tz1POtJ741gkty4RqtZoXTADxE9eMQ8q4HNVA==}
    peerDependencies:
      '@pothos/core': '*'
      graphql: ^16.10.0

  '@types/uuid@9.0.8':
    resolution: {integrity: sha512-jg+97EGIcY9AGHJJRaaPVgetKDsrTgbRjQ5Msgjh/DQKEFl0DtyRr/VCOyD1T2R1MNeWPK/u7JoGhlDZnKBAfA==}

  '@whatwg-node/promise-helpers@1.3.2':
    resolution: {integrity: sha512-Nst5JdK47VIl9UcGwtv2Rcgyn5lWtZ0/mhRQ4G8NN2isxpq2TO30iqHzmwoJycjWuyUfg3GFXqP/gFHXeV57IA==}
    engines: {node: '>=16.0.0'}

  ansi-styles@4.3.0:
    resolution: {integrity: sha512-zbB9rCJAT1rbjiVDb2hqKFHNYLxgtk8NURxZ3IZwD3F6NtxbXZQCnnSi1Lkx+IDohdPlFp222wVALIheZJQSEg==}
    engines: {node: '>=8'}

  chalk@4.1.2:
    resolution: {integrity: sha512-oKnbhFyRIXpUuez8iBMmyEa4nbj4IOQyuhc/wy9kY7/WVPcwIO9VA668Pu8RkO7+0G76SLROeyw9CpQ061i4mA==}
    engines: {node: '>=10'}

  color-convert@2.0.1:
    resolution: {integrity: sha512-RRECPsj7iu/xb5oKYcsFHSppFNnsj/52OVTRKb4zP5onXwVF3zVmmToNcOfGC+CRDpfK/U584fMg38ZHCaElKQ==}
    engines: {node: '>=7.0.0'}

  color-name@1.1.4:
    resolution: {integrity: sha512-dOy+3AuW3a2wNbZHIuMZpTcgjGuLU/uBL/ubcZF9OXbDo8ff4O8yVp5Bf0efS8uEoYo5q4Fx7dY9OgQGXgAsQA==}

  cross-inspect@1.0.1:
    resolution: {integrity: sha512-Pcw1JTvZLSJH83iiGWt6fRcT+BjZlCDRVwYLbUcHzv/CRpB7r0MlSrGbIyQvVSNyGnbt7G4AXuyCiDR3POvZ1A==}
    engines: {node: '>=16.0.0'}

  dset@3.1.4:
    resolution: {integrity: sha512-2QF/g9/zTaPDc3BjNcVTGoBbXBgYfMTTceLaYcFJ/W9kggFUkhxD/hMEeuLKbugyef9SqAx8cpgwlIP/jinUTA==}
    engines: {node: '>=4'}

  graphql@16.11.0:
    resolution: {integrity: sha512-mS1lbMsxgQj6hge1XZ6p7GPhbrtFwUFYi3wRzXAC/FmYnyXMTvvI3td3rjmQ2u8ewXueaSvRPWaEcgVVOT9Jnw==}
    engines: {node: ^12.22.0 || ^14.16.0 || ^16.0.0 || >=17.0.0}

  has-flag@4.0.0:
    resolution: {integrity: sha512-EykJT/Q1KjTWctppgIAgfSO0tKVuZUjhgMr17kqTumMl6Afv3EISleU7qZUzoXDFTAHTDC4NOoG/ZxU3EvlMPQ==}
    engines: {node: '>=8'}

  js-levenshtein@1.1.6:
    resolution: {integrity: sha512-X2BB11YZtrRqY4EnQcLX5Rh373zbK4alC1FW7D7MBhL2gtcC17cTnr6DmfHZeS0s2rTHjUTMMHfG7gO8SSdw+g==}
    engines: {node: '>=0.10.0'}

  supports-color@7.2.0:
    resolution: {integrity: sha512-qpCAvRl9stuOHveKsn7HncJRvv501qIacKzQlO/+Lwxc9+0q2wLyv4Dfvt80/DPn2pqOBsJdDiogXGR9+OvwRw==}
    engines: {node: '>=8'}

  tslib@2.8.1:
    resolution: {integrity: sha512-oJFu94HQb+KVduSUQL7wnpmqnfmLsOA/nAh6b6EH0wCEoK0/mPeXU6c3wKDV83MkOuHPRHtSXKKU99IBazS/2w==}

  typescript@5.8.3:
    resolution: {integrity: sha512-p1diW6TqL9L07nNxvRMM7hMMw4c5XOo/1ibL4aAIGmSAt9slTE1Xgw5KWuof2uTOvCg9BY7ZRi+GaF+7sfgPeQ==}
    engines: {node: '>=14.17'}
    hasBin: true

  uuid@9.0.1:
    resolution: {integrity: sha512-b+1eJOlsR9K8HJpow9Ok3fiWOWSIcIzXodvv0rQjVoOVNpWMpxf1wZNpt4y9h10odCNrqnYp1OBzRktckBe3sA==}
    hasBin: true

snapshots:

  '@apollo/cache-control-types@1.0.3(graphql@16.11.0)':
    dependencies:
      graphql: 16.11.0

  '@apollo/federation-internals@2.11.2(graphql@16.11.0)':
    dependencies:
      '@types/uuid': 9.0.8
      chalk: 4.1.2
      graphql: 16.11.0
      js-levenshtein: 1.1.6
      uuid: 9.0.1

  '@apollo/subgraph@2.11.2(graphql@16.11.0)':
    dependencies:
      '@apollo/cache-control-types': 1.0.3(graphql@16.11.0)
      '@apollo/federation-internals': 2.11.2(graphql@16.11.0)
      graphql: 16.11.0

  '@graphql-tools/utils@10.8.6(graphql@16.11.0)':
    dependencies:
      '@graphql-typed-document-node/core': 3.2.0(graphql@16.11.0)
      '@whatwg-node/promise-helpers': 1.3.2
      cross-inspect: 1.0.1
      dset: 3.1.4
      graphql: 16.11.0
      tslib: 2.8.1

  '@graphql-typed-document-node/core@3.2.0(graphql@16.11.0)':
    dependencies:
      graphql: 16.11.0

  '@pothos/core@4.7.0(graphql@16.11.0)':
    dependencies:
      graphql: 16.11.0

  '@pothos/plugin-directives@4.2.3(@pothos/core@4.7.0(graphql@16.11.0))(graphql@16.11.0)':
    dependencies:
      '@pothos/core': 4.7.0(graphql@16.11.0)
      graphql: 16.11.0

  '@pothos/plugin-federation@4.4.2(@apollo/subgraph@2.11.2(graphql@16.11.0))(@pothos/core@4.7.0(graphql@16.11.0))(graphql@16.11.0)':
    dependencies:
      '@apollo/subgraph': 2.11.2(graphql@16.11.0)
      '@pothos/core': 4.7.0(graphql@16.11.0)
      graphql: 16.11.0

  '@pothos/plugin-relay@4.5.0(@pothos/core@4.7.0(graphql@16.11.0))(graphql@16.11.0)':
    dependencies:
      '@pothos/core': 4.7.0(graphql@16.11.0)
      graphql: 16.11.0

  '@types/uuid@9.0.8': {}

  '@whatwg-node/promise-helpers@1.3.2':
    dependencies:
      tslib: 2.8.1

  ansi-styles@4.3.0:
    dependencies:
      color-convert: 2.0.1

  chalk@4.1.2:
    dependencies:
      ansi-styles: 4.3.0
      supports-color: 7.2.0

  color-convert@2.0.1:
    dependencies:
      color-name: 1.1.4

  color-name@1.1.4: {}

  cross-inspect@1.0.1:
    dependencies:
      tslib: 2.8.1

  dset@3.1.4: {}

  graphql@16.11.0: {}

  has-flag@4.0.0: {}

  js-levenshtein@1.1.6: {}

  supports-color@7.2.0:
    dependencies:
      has-flag: 4.0.0

  tslib@2.8.1: {}

  typescript@5.8.3: {}

  uuid@9.0.1: {}
